
Microsoft Visual Studio Solution File, Format Version 12.00
# Visual Studio Version 17
VisualStudioVersion = 17.5.33516.290
MinimumVisualStudioVersion = 10.0.40219.1
Project("{FAE04EC0-301F-11D3-BF4B-00C04F79EFBC}") = "MarketPlaceWpf", "MarketPlaceWpf\MarketPlaceWpf.csproj", "{FC81C097-46AD-4745-8F8A-FAEC0C885E73}"
EndProject
Global
	GlobalSection(SolutionConfigurationPlatforms) = preSolution
		Debug|Any CPU = Debug|Any CPU
		Release|Any CPU = Release|Any CPU
	EndGlobalSection
	GlobalSection(ProjectConfigurationPlatforms) = postSolution
		{FC81C097-46AD-4745-8F8A-FAEC0C885E73}.Debug|Any CPU.ActiveCfg = Debug|Any CPU
		{FC81C097-46AD-4745-8F8A-FAEC0C885E73}.Debug|Any CPU.Build.0 = Debug|Any CPU
		{FC81C097-46AD-4745-8F8A-FAEC0C885E73}.Release|Any CPU.ActiveCfg = Release|Any CPU
		{FC81C097-46AD-4745-8F8A-FAEC0C885E73}.Release|Any CPU.Build.0 = Release|Any CPU
	EndGlobalSection
	GlobalSection(SolutionProperties) = preSolution
		HideSolutionNode = FALSE
	EndGlobalSection
	GlobalSection(ExtensibilityGlobals) = postSolution
		SolutionGuid = {0022568B-D187-4F70-B6FB-02D1DE1882E6}
	EndGlobalSection
EndGlobal
